
Microsoft Visual Studio Solution File, Format Version 12.00
# Visual Studio 15
VisualStudioVersion = 15.0.26228.9
MinimumVisualStudioVersion = 10.0.40219.1
Project("{2150E333-8FDC-42A3-9474-1A3956D46DE8}") = "PrecizeSoft.GetPdfOnline", "PrecizeSoft.GetPdfOnline", "{CE90ADFB-6052-46E9-AEC1-89CEEAAFB40C}"
EndProject
Project("{2150E333-8FDC-42A3-9474-1A3956D46DE8}") = "PrecizeSoft.GetPdfOnline.Tests", "PrecizeSoft.GetPdfOnline.Tests", "{BCF79C25-967F-4A7D-88F8-B516CFDB7FB0}"
EndProject
Project("{2150E333-8FDC-42A3-9474-1A3956D46DE8}") = "PrecizeSoft.IO", "PrecizeSoft.IO", "{01FF51AC-E96A-4BF0-94D2-81F5998A4E8D}"
EndProject
Project("{2150E333-8FDC-42A3-9474-1A3956D46DE8}") = "PrecizeSoft.IO.Tests", "PrecizeSoft.IO.Tests", "{B9CF5169-BAC8-404F-8162-33840401650F}"
EndProject
Project("{9A19103F-16F7-4668-BE54-9A1E7A4F7556}") = "PrecizeSoft.IO", "..\precizesoft-io\src\PrecizeSoft.IO\PrecizeSoft.IO.csproj", "{1AA3757B-A6FB-4EE8-9E3F-605AB7BF67F1}"
EndProject
Project("{9A19103F-16F7-4668-BE54-9A1E7A4F7556}") = "PrecizeSoft.IO.ImageMagick", "..\precizesoft-io\src\PrecizeSoft.IO.ImageMagick\PrecizeSoft.IO.ImageMagick.csproj", "{F5B1E008-3353-412D-86F0-41B52FD634E7}"
EndProject
Project("{9A19103F-16F7-4668-BE54-9A1E7A4F7556}") = "PrecizeSoft.IO.LibreOffice", "..\precizesoft-io\src\PrecizeSoft.IO.LibreOffice\PrecizeSoft.IO.LibreOffice.csproj", "{E575D76C-4C3B-4C90-AFE4-46CD9F981B30}"
EndProject
Project("{FAE04EC0-301F-11D3-BF4B-00C04F79EFBC}") = "PrecizeSoft.IO.MicrosoftOffice", "..\precizesoft-io\src\PrecizeSoft.IO.MicrosoftOffice\PrecizeSoft.IO.MicrosoftOffice.csproj", "{928FC57A-82EF-4796-9C5E-295B8218E29E}"
EndProject
Project("{9A19103F-16F7-4668-BE54-9A1E7A4F7556}") = "PrecizeSoft.IO.WcfClients", "..\precizesoft-io\src\PrecizeSoft.IO.WcfClients\PrecizeSoft.IO.WcfClients.csproj", "{74FCB31D-D4BC-46DD-843A-BF4219372EEB}"
EndProject
Project("{9A19103F-16F7-4668-BE54-9A1E7A4F7556}") = "PrecizeSoft.IO.WcfServices", "..\precizesoft-io\src\PrecizeSoft.IO.WcfServices\PrecizeSoft.IO.WcfServices.csproj", "{9DF6C8C0-50EF-45D5-950F-4B813A5ADD66}"
EndProject
Project("{9A19103F-16F7-4668-BE54-9A1E7A4F7556}") = "PrecizeSoft.GetPdfOnline.Api.Implementation", "src\PrecizeSoft.GetPdfOnline.Api.Implementation\PrecizeSoft.GetPdfOnline.Api.Implementation.csproj", "{E607C681-B8B2-4056-A6FD-70C44D393AA5}"
EndProject
Project("{9A19103F-16F7-4668-BE54-9A1E7A4F7556}") = "PrecizeSoft.GetPdfOnline.Api.WinService", "src\PrecizeSoft.GetPdfOnline.Api.WinService\PrecizeSoft.GetPdfOnline.Api.WinService.csproj", "{ACD6658C-8C8B-4D46-90EB-3B20D96EADD0}"
EndProject
Project("{9A19103F-16F7-4668-BE54-9A1E7A4F7556}") = "PrecizeSoft.GetPdfOnline.Cmd.ConsoleApp", "src\PrecizeSoft.GetPdfOnline.Cmd.ConsoleApp\PrecizeSoft.GetPdfOnline.Cmd.ConsoleApp.csproj", "{7E007164-6DB6-497A-969B-BBD9786E5695}"
EndProject
Project("{9A19103F-16F7-4668-BE54-9A1E7A4F7556}") = "PrecizeSoft.GetPdfOnline.Web.MvcCoreApp", "src\PrecizeSoft.GetPdfOnline.Web.MvcCoreApp\PrecizeSoft.GetPdfOnline.Web.MvcCoreApp.csproj", "{50CD3C1A-D414-45C5-BAF4-B6E78DEF3F77}"
EndProject
Project("{FAE04EC0-301F-11D3-BF4B-00C04F79EFBC}") = "PrecizeSoft.GetPdfOnline.Win.WpfApp", "src\PrecizeSoft.GetPdfOnline.Win.WpfApp\PrecizeSoft.GetPdfOnline.Win.WpfApp.csproj", "{3C8ABA03-C01F-4A69-AA91-66F5426D9B48}"
EndProject
Project("{930C7802-8A8C-48F9-8165-68863BCCD9DD}") = "PrecizeSoft.GetPdfOnline.Installer", "src\PrecizeSoft.GetPdfOnline.Installer\PrecizeSoft.GetPdfOnline.Installer.wixproj", "{C0783ABC-8F3A-4BB4-94F7-6103E69247C8}"
EndProject
Project("{930C7802-8A8C-48F9-8165-68863BCCD9DD}") = "PrecizeSoft.GetPdfOnline.Bundle", "src\PrecizeSoft.GetPdfOnline.Bundle\PrecizeSoft.GetPdfOnline.Bundle.wixproj", "{3D024553-F88E-4AF4-8288-09883C79FB09}"
EndProject
Project("{2150E333-8FDC-42A3-9474-1A3956D46DE8}") = "Api", "Api", "{EEED9791-173F-40A0-8151-90EC66B36EFE}"
EndProject
Project("{2150E333-8FDC-42A3-9474-1A3956D46DE8}") = "Web", "Web", "{C87B0216-1152-4FBD-853F-E37CB268E496}"
EndProject
Project("{2150E333-8FDC-42A3-9474-1A3956D46DE8}") = "Cmd", "Cmd", "{1C8BDF9D-11DC-44DE-AB01-2F24C584F927}"
EndProject
Project("{2150E333-8FDC-42A3-9474-1A3956D46DE8}") = "Win", "Win", "{EF3FA446-92B7-45E6-B28D-C588E1049F89}"
EndProject
Project("{FAE04EC0-301F-11D3-BF4B-00C04F79EFBC}") = "PrecizeSoft.GetPdfOnline.Data", "src\PrecizeSoft.GetPdfOnline.Data\PrecizeSoft.GetPdfOnline.Data.csproj", "{AC979EB5-8A71-4A5D-8EDC-189EC111DE2A}"
EndProject
Project("{FAE04EC0-301F-11D3-BF4B-00C04F79EFBC}") = "PrecizeSoft.GetPdfOnline.Data.SqlCe", "src\PrecizeSoft.GetPdfOnline.Data.SqlCe\PrecizeSoft.GetPdfOnline.Data.SqlCe.csproj", "{2DE23F8E-619A-411E-8F05-120EC0292DC9}"
EndProject
Project("{FAE04EC0-301F-11D3-BF4B-00C04F79EFBC}") = "PrecizeSoft.GetPdfOnline.Model", "src\PrecizeSoft.GetPdfOnline.Model\PrecizeSoft.GetPdfOnline.Model.csproj", "{13F34CCF-E193-4F63-A6AE-4009233AD5E7}"
EndProject
Project("{FAE04EC0-301F-11D3-BF4B-00C04F79EFBC}") = "PrecizeSoft.GetPdfOnline.Data.SQLite", "src\PrecizeSoft.GetPdfOnline.Data.SQLite\PrecizeSoft.GetPdfOnline.Data.SQLite.csproj", "{A7B09127-2C7D-4092-8BCB-2F568B7195EF}"
EndProject
Project("{9A19103F-16F7-4668-BE54-9A1E7A4F7556}") = "PrecizeSoft.GetPdfOnline.Domain", "src\PrecizeSoft.GetPdfOnline.Domain\PrecizeSoft.GetPdfOnline.Domain.csproj", "{04C0E1D4-1D14-4341-A774-15A6C7558371}"
EndProject
Project("{FAE04EC0-301F-11D3-BF4B-00C04F79EFBC}") = "PrecizeSoft.GetPdfOnline.Data.SQLite.Tests", "tests\PrecizeSoft.GetPdfOnline.Data.SQLite.Tests\PrecizeSoft.GetPdfOnline.Data.SQLite.Tests.csproj", "{B56DB17C-B2E6-47EE-B519-9CC0B883768F}"
EndProject
Project("{FAE04EC0-301F-11D3-BF4B-00C04F79EFBC}") = "PrecizeSoft.GetPdfOnline.Domain.Tests", "tests\PrecizeSoft.GetPdfOnline.Domain.Tests\PrecizeSoft.GetPdfOnline.Domain.Tests.csproj", "{7996004A-9819-4DE5-A32C-D0D09F989A66}"
EndProject
Project("{9A19103F-16F7-4668-BE54-9A1E7A4F7556}") = "PrecizeSoft.IO.LibreOffice.Tests", "..\precizesoft-io\tests\PrecizeSoft.IO.LibreOffice.Tests\PrecizeSoft.IO.LibreOffice.Tests.csproj", "{A85C8236-70BE-4F9C-A6D4-EB3A7590867E}"
EndProject
Global
	GlobalSection(SolutionConfigurationPlatforms) = preSolution
		Debug|Any CPU = Debug|Any CPU
		Debug|x86 = Debug|x86
		Release|Any CPU = Release|Any CPU
		Release|x86 = Release|x86
	EndGlobalSection
	GlobalSection(ProjectConfigurationPlatforms) = postSolution
		{1AA3757B-A6FB-4EE8-9E3F-605AB7BF67F1}.Debug|Any CPU.ActiveCfg = Debug|Any CPU
		{1AA3757B-A6FB-4EE8-9E3F-605AB7BF67F1}.Debug|Any CPU.Build.0 = Debug|Any CPU
		{1AA3757B-A6FB-4EE8-9E3F-605AB7BF67F1}.Debug|x86.ActiveCfg = Debug|Any CPU
		{1AA3757B-A6FB-4EE8-9E3F-605AB7BF67F1}.Debug|x86.Build.0 = Debug|Any CPU
		{1AA3757B-A6FB-4EE8-9E3F-605AB7BF67F1}.Release|Any CPU.ActiveCfg = Release|Any CPU
		{1AA3757B-A6FB-4EE8-9E3F-605AB7BF67F1}.Release|Any CPU.Build.0 = Release|Any CPU
		{1AA3757B-A6FB-4EE8-9E3F-605AB7BF67F1}.Release|x86.ActiveCfg = Release|Any CPU
		{1AA3757B-A6FB-4EE8-9E3F-605AB7BF67F1}.Release|x86.Build.0 = Release|Any CPU
		{F5B1E008-3353-412D-86F0-41B52FD634E7}.Debug|Any CPU.ActiveCfg = Debug|Any CPU
		{F5B1E008-3353-412D-86F0-41B52FD634E7}.Debug|Any CPU.Build.0 = Debug|Any CPU
		{F5B1E008-3353-412D-86F0-41B52FD634E7}.Debug|x86.ActiveCfg = Debug|Any CPU
		{F5B1E008-3353-412D-86F0-41B52FD634E7}.Debug|x86.Build.0 = Debug|Any CPU
		{F5B1E008-3353-412D-86F0-41B52FD634E7}.Release|Any CPU.ActiveCfg = Release|Any CPU
		{F5B1E008-3353-412D-86F0-41B52FD634E7}.Release|Any CPU.Build.0 = Release|Any CPU
		{F5B1E008-3353-412D-86F0-41B52FD634E7}.Release|x86.ActiveCfg = Release|Any CPU
		{F5B1E008-3353-412D-86F0-41B52FD634E7}.Release|x86.Build.0 = Release|Any CPU
		{E575D76C-4C3B-4C90-AFE4-46CD9F981B30}.Debug|Any CPU.ActiveCfg = Debug|Any CPU
		{E575D76C-4C3B-4C90-AFE4-46CD9F981B30}.Debug|Any CPU.Build.0 = Debug|Any CPU
		{E575D76C-4C3B-4C90-AFE4-46CD9F981B30}.Debug|x86.ActiveCfg = Debug|Any CPU
		{E575D76C-4C3B-4C90-AFE4-46CD9F981B30}.Debug|x86.Build.0 = Debug|Any CPU
		{E575D76C-4C3B-4C90-AFE4-46CD9F981B30}.Release|Any CPU.ActiveCfg = Release|Any CPU
		{E575D76C-4C3B-4C90-AFE4-46CD9F981B30}.Release|Any CPU.Build.0 = Release|Any CPU
		{E575D76C-4C3B-4C90-AFE4-46CD9F981B30}.Release|x86.ActiveCfg = Release|Any CPU
		{E575D76C-4C3B-4C90-AFE4-46CD9F981B30}.Release|x86.Build.0 = Release|Any CPU
		{928FC57A-82EF-4796-9C5E-295B8218E29E}.Debug|Any CPU.ActiveCfg = Debug|Any CPU
		{928FC57A-82EF-4796-9C5E-295B8218E29E}.Debug|Any CPU.Build.0 = Debug|Any CPU
		{928FC57A-82EF-4796-9C5E-295B8218E29E}.Debug|x86.ActiveCfg = Debug|Any CPU
		{928FC57A-82EF-4796-9C5E-295B8218E29E}.Debug|x86.Build.0 = Debug|Any CPU
		{928FC57A-82EF-4796-9C5E-295B8218E29E}.Release|Any CPU.ActiveCfg = Release|Any CPU
		{928FC57A-82EF-4796-9C5E-295B8218E29E}.Release|Any CPU.Build.0 = Release|Any CPU
		{928FC57A-82EF-4796-9C5E-295B8218E29E}.Release|x86.ActiveCfg = Release|Any CPU
		{928FC57A-82EF-4796-9C5E-295B8218E29E}.Release|x86.Build.0 = Release|Any CPU
		{74FCB31D-D4BC-46DD-843A-BF4219372EEB}.Debug|Any CPU.ActiveCfg = Debug|Any CPU
		{74FCB31D-D4BC-46DD-843A-BF4219372EEB}.Debug|Any CPU.Build.0 = Debug|Any CPU
		{74FCB31D-D4BC-46DD-843A-BF4219372EEB}.Debug|x86.ActiveCfg = Debug|Any CPU
		{74FCB31D-D4BC-46DD-843A-BF4219372EEB}.Debug|x86.Build.0 = Debug|Any CPU
		{74FCB31D-D4BC-46DD-843A-BF4219372EEB}.Release|Any CPU.ActiveCfg = Release|Any CPU
		{74FCB31D-D4BC-46DD-843A-BF4219372EEB}.Release|Any CPU.Build.0 = Release|Any CPU
		{74FCB31D-D4BC-46DD-843A-BF4219372EEB}.Release|x86.ActiveCfg = Release|Any CPU
		{74FCB31D-D4BC-46DD-843A-BF4219372EEB}.Release|x86.Build.0 = Release|Any CPU
		{9DF6C8C0-50EF-45D5-950F-4B813A5ADD66}.Debug|Any CPU.ActiveCfg = Debug|Any CPU
		{9DF6C8C0-50EF-45D5-950F-4B813A5ADD66}.Debug|Any CPU.Build.0 = Debug|Any CPU
		{9DF6C8C0-50EF-45D5-950F-4B813A5ADD66}.Debug|x86.ActiveCfg = Debug|Any CPU
		{9DF6C8C0-50EF-45D5-950F-4B813A5ADD66}.Debug|x86.Build.0 = Debug|Any CPU
		{9DF6C8C0-50EF-45D5-950F-4B813A5ADD66}.Release|Any CPU.ActiveCfg = Release|Any CPU
		{9DF6C8C0-50EF-45D5-950F-4B813A5ADD66}.Release|Any CPU.Build.0 = Release|Any CPU
		{9DF6C8C0-50EF-45D5-950F-4B813A5ADD66}.Release|x86.ActiveCfg = Release|Any CPU
		{9DF6C8C0-50EF-45D5-950F-4B813A5ADD66}.Release|x86.Build.0 = Release|Any CPU
		{E607C681-B8B2-4056-A6FD-70C44D393AA5}.Debug|Any CPU.ActiveCfg = Debug|Any CPU
		{E607C681-B8B2-4056-A6FD-70C44D393AA5}.Debug|Any CPU.Build.0 = Debug|Any CPU
		{E607C681-B8B2-4056-A6FD-70C44D393AA5}.Debug|x86.ActiveCfg = Debug|Any CPU
		{E607C681-B8B2-4056-A6FD-70C44D393AA5}.Debug|x86.Build.0 = Debug|Any CPU
		{E607C681-B8B2-4056-A6FD-70C44D393AA5}.Release|Any CPU.ActiveCfg = Release|Any CPU
		{E607C681-B8B2-4056-A6FD-70C44D393AA5}.Release|Any CPU.Build.0 = Release|Any CPU
		{E607C681-B8B2-4056-A6FD-70C44D393AA5}.Release|x86.ActiveCfg = Release|Any CPU
		{E607C681-B8B2-4056-A6FD-70C44D393AA5}.Release|x86.Build.0 = Release|Any CPU
		{ACD6658C-8C8B-4D46-90EB-3B20D96EADD0}.Debug|Any CPU.ActiveCfg = Debug|Any CPU
		{ACD6658C-8C8B-4D46-90EB-3B20D96EADD0}.Debug|Any CPU.Build.0 = Debug|Any CPU
		{ACD6658C-8C8B-4D46-90EB-3B20D96EADD0}.Debug|x86.ActiveCfg = Debug|Any CPU
		{ACD6658C-8C8B-4D46-90EB-3B20D96EADD0}.Debug|x86.Build.0 = Debug|Any CPU
		{ACD6658C-8C8B-4D46-90EB-3B20D96EADD0}.Release|Any CPU.ActiveCfg = Release|Any CPU
		{ACD6658C-8C8B-4D46-90EB-3B20D96EADD0}.Release|Any CPU.Build.0 = Release|Any CPU
		{ACD6658C-8C8B-4D46-90EB-3B20D96EADD0}.Release|x86.ActiveCfg = Release|Any CPU
		{ACD6658C-8C8B-4D46-90EB-3B20D96EADD0}.Release|x86.Build.0 = Release|Any CPU
		{7E007164-6DB6-497A-969B-BBD9786E5695}.Debug|Any CPU.ActiveCfg = Debug|Any CPU
		{7E007164-6DB6-497A-969B-BBD9786E5695}.Debug|Any CPU.Build.0 = Debug|Any CPU
		{7E007164-6DB6-497A-969B-BBD9786E5695}.Debug|x86.ActiveCfg = Debug|Any CPU
		{7E007164-6DB6-497A-969B-BBD9786E5695}.Debug|x86.Build.0 = Debug|Any CPU
		{7E007164-6DB6-497A-969B-BBD9786E5695}.Release|Any CPU.ActiveCfg = Release|Any CPU
		{7E007164-6DB6-497A-969B-BBD9786E5695}.Release|Any CPU.Build.0 = Release|Any CPU
		{7E007164-6DB6-497A-969B-BBD9786E5695}.Release|x86.ActiveCfg = Release|Any CPU
		{7E007164-6DB6-497A-969B-BBD9786E5695}.Release|x86.Build.0 = Release|Any CPU
		{50CD3C1A-D414-45C5-BAF4-B6E78DEF3F77}.Debug|Any CPU.ActiveCfg = Debug|Any CPU
		{50CD3C1A-D414-45C5-BAF4-B6E78DEF3F77}.Debug|Any CPU.Build.0 = Debug|Any CPU
		{50CD3C1A-D414-45C5-BAF4-B6E78DEF3F77}.Debug|x86.ActiveCfg = Debug|Any CPU
		{50CD3C1A-D414-45C5-BAF4-B6E78DEF3F77}.Debug|x86.Build.0 = Debug|Any CPU
		{50CD3C1A-D414-45C5-BAF4-B6E78DEF3F77}.Release|Any CPU.ActiveCfg = Release|Any CPU
		{50CD3C1A-D414-45C5-BAF4-B6E78DEF3F77}.Release|Any CPU.Build.0 = Release|Any CPU
		{50CD3C1A-D414-45C5-BAF4-B6E78DEF3F77}.Release|x86.ActiveCfg = Release|Any CPU
		{50CD3C1A-D414-45C5-BAF4-B6E78DEF3F77}.Release|x86.Build.0 = Release|Any CPU
		{3C8ABA03-C01F-4A69-AA91-66F5426D9B48}.Debug|Any CPU.ActiveCfg = Debug|Any CPU
		{3C8ABA03-C01F-4A69-AA91-66F5426D9B48}.Debug|Any CPU.Build.0 = Debug|Any CPU
		{3C8ABA03-C01F-4A69-AA91-66F5426D9B48}.Debug|x86.ActiveCfg = Debug|Any CPU
		{3C8ABA03-C01F-4A69-AA91-66F5426D9B48}.Debug|x86.Build.0 = Debug|Any CPU
		{3C8ABA03-C01F-4A69-AA91-66F5426D9B48}.Release|Any CPU.ActiveCfg = Release|Any CPU
		{3C8ABA03-C01F-4A69-AA91-66F5426D9B48}.Release|Any CPU.Build.0 = Release|Any CPU
		{3C8ABA03-C01F-4A69-AA91-66F5426D9B48}.Release|x86.ActiveCfg = Release|Any CPU
		{3C8ABA03-C01F-4A69-AA91-66F5426D9B48}.Release|x86.Build.0 = Release|Any CPU
		{C0783ABC-8F3A-4BB4-94F7-6103E69247C8}.Debug|Any CPU.ActiveCfg = Debug|x86
		{C0783ABC-8F3A-4BB4-94F7-6103E69247C8}.Debug|x86.ActiveCfg = Debug|x86
		{C0783ABC-8F3A-4BB4-94F7-6103E69247C8}.Debug|x86.Build.0 = Debug|x86
		{C0783ABC-8F3A-4BB4-94F7-6103E69247C8}.Release|Any CPU.ActiveCfg = Release|x86
		{C0783ABC-8F3A-4BB4-94F7-6103E69247C8}.Release|x86.ActiveCfg = Release|x86
		{C0783ABC-8F3A-4BB4-94F7-6103E69247C8}.Release|x86.Build.0 = Release|x86
		{3D024553-F88E-4AF4-8288-09883C79FB09}.Debug|Any CPU.ActiveCfg = Debug|x86
		{3D024553-F88E-4AF4-8288-09883C79FB09}.Debug|x86.ActiveCfg = Debug|x86
		{3D024553-F88E-4AF4-8288-09883C79FB09}.Debug|x86.Build.0 = Debug|x86
		{3D024553-F88E-4AF4-8288-09883C79FB09}.Release|Any CPU.ActiveCfg = Release|x86
		{3D024553-F88E-4AF4-8288-09883C79FB09}.Release|x86.ActiveCfg = Release|x86
		{3D024553-F88E-4AF4-8288-09883C79FB09}.Release|x86.Build.0 = Release|x86
		{AC979EB5-8A71-4A5D-8EDC-189EC111DE2A}.Debug|Any CPU.ActiveCfg = Debug|Any CPU
		{AC979EB5-8A71-4A5D-8EDC-189EC111DE2A}.Debug|Any CPU.Build.0 = Debug|Any CPU
		{AC979EB5-8A71-4A5D-8EDC-189EC111DE2A}.Debug|x86.ActiveCfg = Debug|Any CPU
		{AC979EB5-8A71-4A5D-8EDC-189EC111DE2A}.Debug|x86.Build.0 = Debug|Any CPU
		{AC979EB5-8A71-4A5D-8EDC-189EC111DE2A}.Release|Any CPU.ActiveCfg = Release|Any CPU
		{AC979EB5-8A71-4A5D-8EDC-189EC111DE2A}.Release|Any CPU.Build.0 = Release|Any CPU
		{AC979EB5-8A71-4A5D-8EDC-189EC111DE2A}.Release|x86.ActiveCfg = Release|Any CPU
		{AC979EB5-8A71-4A5D-8EDC-189EC111DE2A}.Release|x86.Build.0 = Release|Any CPU
		{2DE23F8E-619A-411E-8F05-120EC0292DC9}.Debug|Any CPU.ActiveCfg = Debug|Any CPU
		{2DE23F8E-619A-411E-8F05-120EC0292DC9}.Debug|Any CPU.Build.0 = Debug|Any CPU
		{2DE23F8E-619A-411E-8F05-120EC0292DC9}.Debug|x86.ActiveCfg = Debug|Any CPU
		{2DE23F8E-619A-411E-8F05-120EC0292DC9}.Debug|x86.Build.0 = Debug|Any CPU
		{2DE23F8E-619A-411E-8F05-120EC0292DC9}.Release|Any CPU.ActiveCfg = Release|Any CPU
		{2DE23F8E-619A-411E-8F05-120EC0292DC9}.Release|Any CPU.Build.0 = Release|Any CPU
		{2DE23F8E-619A-411E-8F05-120EC0292DC9}.Release|x86.ActiveCfg = Release|Any CPU
		{2DE23F8E-619A-411E-8F05-120EC0292DC9}.Release|x86.Build.0 = Release|Any CPU
		{13F34CCF-E193-4F63-A6AE-4009233AD5E7}.Debug|Any CPU.ActiveCfg = Debug|Any CPU
		{13F34CCF-E193-4F63-A6AE-4009233AD5E7}.Debug|Any CPU.Build.0 = Debug|Any CPU
		{13F34CCF-E193-4F63-A6AE-4009233AD5E7}.Debug|x86.ActiveCfg = Debug|Any CPU
		{13F34CCF-E193-4F63-A6AE-4009233AD5E7}.Debug|x86.Build.0 = Debug|Any CPU
		{13F34CCF-E193-4F63-A6AE-4009233AD5E7}.Release|Any CPU.ActiveCfg = Release|Any CPU
		{13F34CCF-E193-4F63-A6AE-4009233AD5E7}.Release|Any CPU.Build.0 = Release|Any CPU
		{13F34CCF-E193-4F63-A6AE-4009233AD5E7}.Release|x86.ActiveCfg = Release|Any CPU
		{13F34CCF-E193-4F63-A6AE-4009233AD5E7}.Release|x86.Build.0 = Release|Any CPU
		{A7B09127-2C7D-4092-8BCB-2F568B7195EF}.Debug|Any CPU.ActiveCfg = Debug|Any CPU
		{A7B09127-2C7D-4092-8BCB-2F568B7195EF}.Debug|Any CPU.Build.0 = Debug|Any CPU
		{A7B09127-2C7D-4092-8BCB-2F568B7195EF}.Debug|x86.ActiveCfg = Debug|Any CPU
		{A7B09127-2C7D-4092-8BCB-2F568B7195EF}.Debug|x86.Build.0 = Debug|Any CPU
		{A7B09127-2C7D-4092-8BCB-2F568B7195EF}.Release|Any CPU.ActiveCfg = Release|Any CPU
		{A7B09127-2C7D-4092-8BCB-2F568B7195EF}.Release|Any CPU.Build.0 = Release|Any CPU
		{A7B09127-2C7D-4092-8BCB-2F568B7195EF}.Release|x86.ActiveCfg = Release|Any CPU
		{A7B09127-2C7D-4092-8BCB-2F568B7195EF}.Release|x86.Build.0 = Release|Any CPU
		{04C0E1D4-1D14-4341-A774-15A6C7558371}.Debug|Any CPU.ActiveCfg = Debug|Any CPU
		{04C0E1D4-1D14-4341-A774-15A6C7558371}.Debug|Any CPU.Build.0 = Debug|Any CPU
		{04C0E1D4-1D14-4341-A774-15A6C7558371}.Debug|x86.ActiveCfg = Debug|Any CPU
		{04C0E1D4-1D14-4341-A774-15A6C7558371}.Debug|x86.Build.0 = Debug|Any CPU
		{04C0E1D4-1D14-4341-A774-15A6C7558371}.Release|Any CPU.ActiveCfg = Release|Any CPU
		{04C0E1D4-1D14-4341-A774-15A6C7558371}.Release|Any CPU.Build.0 = Release|Any CPU
		{04C0E1D4-1D14-4341-A774-15A6C7558371}.Release|x86.ActiveCfg = Release|Any CPU
		{04C0E1D4-1D14-4341-A774-15A6C7558371}.Release|x86.Build.0 = Release|Any CPU
		{B56DB17C-B2E6-47EE-B519-9CC0B883768F}.Debug|Any CPU.ActiveCfg = Debug|Any CPU
		{B56DB17C-B2E6-47EE-B519-9CC0B883768F}.Debug|Any CPU.Build.0 = Debug|Any CPU
		{B56DB17C-B2E6-47EE-B519-9CC0B883768F}.Debug|x86.ActiveCfg = Debug|Any CPU
		{B56DB17C-B2E6-47EE-B519-9CC0B883768F}.Debug|x86.Build.0 = Debug|Any CPU
		{B56DB17C-B2E6-47EE-B519-9CC0B883768F}.Release|Any CPU.ActiveCfg = Release|Any CPU
		{B56DB17C-B2E6-47EE-B519-9CC0B883768F}.Release|Any CPU.Build.0 = Release|Any CPU
		{B56DB17C-B2E6-47EE-B519-9CC0B883768F}.Release|x86.ActiveCfg = Release|Any CPU
		{B56DB17C-B2E6-47EE-B519-9CC0B883768F}.Release|x86.Build.0 = Release|Any CPU
		{7996004A-9819-4DE5-A32C-D0D09F989A66}.Debug|Any CPU.ActiveCfg = Debug|Any CPU
		{7996004A-9819-4DE5-A32C-D0D09F989A66}.Debug|Any CPU.Build.0 = Debug|Any CPU
		{7996004A-9819-4DE5-A32C-D0D09F989A66}.Debug|x86.ActiveCfg = Debug|Any CPU
		{7996004A-9819-4DE5-A32C-D0D09F989A66}.Debug|x86.Build.0 = Debug|Any CPU
		{7996004A-9819-4DE5-A32C-D0D09F989A66}.Release|Any CPU.ActiveCfg = Release|Any CPU
		{7996004A-9819-4DE5-A32C-D0D09F989A66}.Release|Any CPU.Build.0 = Release|Any CPU
		{7996004A-9819-4DE5-A32C-D0D09F989A66}.Release|x86.ActiveCfg = Release|Any CPU
		{7996004A-9819-4DE5-A32C-D0D09F989A66}.Release|x86.Build.0 = Release|Any CPU
		{A85C8236-70BE-4F9C-A6D4-EB3A7590867E}.Debug|Any CPU.ActiveCfg = Debug|Any CPU
		{A85C8236-70BE-4F9C-A6D4-EB3A7590867E}.Debug|Any CPU.Build.0 = Debug|Any CPU
		{A85C8236-70BE-4F9C-A6D4-EB3A7590867E}.Debug|x86.ActiveCfg = Debug|Any CPU
		{A85C8236-70BE-4F9C-A6D4-EB3A7590867E}.Debug|x86.Build.0 = Debug|Any CPU
		{A85C8236-70BE-4F9C-A6D4-EB3A7590867E}.Release|Any CPU.ActiveCfg = Release|Any CPU
		{A85C8236-70BE-4F9C-A6D4-EB3A7590867E}.Release|Any CPU.Build.0 = Release|Any CPU
		{A85C8236-70BE-4F9C-A6D4-EB3A7590867E}.Release|x86.ActiveCfg = Release|Any CPU
		{A85C8236-70BE-4F9C-A6D4-EB3A7590867E}.Release|x86.Build.0 = Release|Any CPU
	EndGlobalSection
	GlobalSection(SolutionProperties) = preSolution
		HideSolutionNode = FALSE
	EndGlobalSection
	GlobalSection(NestedProjects) = preSolution
		{1AA3757B-A6FB-4EE8-9E3F-605AB7BF67F1} = {01FF51AC-E96A-4BF0-94D2-81F5998A4E8D}
		{F5B1E008-3353-412D-86F0-41B52FD634E7} = {01FF51AC-E96A-4BF0-94D2-81F5998A4E8D}
		{E575D76C-4C3B-4C90-AFE4-46CD9F981B30} = {01FF51AC-E96A-4BF0-94D2-81F5998A4E8D}
		{928FC57A-82EF-4796-9C5E-295B8218E29E} = {01FF51AC-E96A-4BF0-94D2-81F5998A4E8D}
		{74FCB31D-D4BC-46DD-843A-BF4219372EEB} = {01FF51AC-E96A-4BF0-94D2-81F5998A4E8D}
		{9DF6C8C0-50EF-45D5-950F-4B813A5ADD66} = {01FF51AC-E96A-4BF0-94D2-81F5998A4E8D}
		{E607C681-B8B2-4056-A6FD-70C44D393AA5} = {EEED9791-173F-40A0-8151-90EC66B36EFE}
		{ACD6658C-8C8B-4D46-90EB-3B20D96EADD0} = {EEED9791-173F-40A0-8151-90EC66B36EFE}
		{7E007164-6DB6-497A-969B-BBD9786E5695} = {1C8BDF9D-11DC-44DE-AB01-2F24C584F927}
		{50CD3C1A-D414-45C5-BAF4-B6E78DEF3F77} = {C87B0216-1152-4FBD-853F-E37CB268E496}
		{3C8ABA03-C01F-4A69-AA91-66F5426D9B48} = {EF3FA446-92B7-45E6-B28D-C588E1049F89}
		{C0783ABC-8F3A-4BB4-94F7-6103E69247C8} = {CE90ADFB-6052-46E9-AEC1-89CEEAAFB40C}
		{3D024553-F88E-4AF4-8288-09883C79FB09} = {CE90ADFB-6052-46E9-AEC1-89CEEAAFB40C}
		{EEED9791-173F-40A0-8151-90EC66B36EFE} = {CE90ADFB-6052-46E9-AEC1-89CEEAAFB40C}
		{C87B0216-1152-4FBD-853F-E37CB268E496} = {CE90ADFB-6052-46E9-AEC1-89CEEAAFB40C}
		{1C8BDF9D-11DC-44DE-AB01-2F24C584F927} = {CE90ADFB-6052-46E9-AEC1-89CEEAAFB40C}
		{EF3FA446-92B7-45E6-B28D-C588E1049F89} = {CE90ADFB-6052-46E9-AEC1-89CEEAAFB40C}
		{AC979EB5-8A71-4A5D-8EDC-189EC111DE2A} = {CE90ADFB-6052-46E9-AEC1-89CEEAAFB40C}
		{2DE23F8E-619A-411E-8F05-120EC0292DC9} = {CE90ADFB-6052-46E9-AEC1-89CEEAAFB40C}
		{13F34CCF-E193-4F63-A6AE-4009233AD5E7} = {CE90ADFB-6052-46E9-AEC1-89CEEAAFB40C}
		{A7B09127-2C7D-4092-8BCB-2F568B7195EF} = {CE90ADFB-6052-46E9-AEC1-89CEEAAFB40C}
		{04C0E1D4-1D14-4341-A774-15A6C7558371} = {CE90ADFB-6052-46E9-AEC1-89CEEAAFB40C}
		{B56DB17C-B2E6-47EE-B519-9CC0B883768F} = {BCF79C25-967F-4A7D-88F8-B516CFDB7FB0}
		{7996004A-9819-4DE5-A32C-D0D09F989A66} = {BCF79C25-967F-4A7D-88F8-B516CFDB7FB0}
		{A85C8236-70BE-4F9C-A6D4-EB3A7590867E} = {B9CF5169-BAC8-404F-8162-33840401650F}
	EndGlobalSection
EndGlobal
